
Microsoft Visual Studio Solution File, Format Version 12.00
# Visual Studio Version 17
VisualStudioVersion = 17.11.35303.130
MinimumVisualStudioVersion = 10.0.40219.1
Project("{9A19103F-16F7-4668-BE54-9A1E7A4F7556}") = "ApiAggregation.API", "ApiAggregation.API\ApiAggregation.API.csproj", "{B4978C53-F4B9-4FB0-9AF6-AA5DDF65DD6E}"
EndProject
Project("{9A19103F-16F7-4668-BE54-9A1E7A4F7556}") = "ApiAggregation.Application", "ApiAggregation.Application\ApiAggregation.Application.csproj", "{10310386-F365-4A22-9C1F-26CC9C72821C}"
EndProject
Project("{9A19103F-16F7-4668-BE54-9A1E7A4F7556}") = "ApiAggregation.Domain", "ApiAggregation.Domain\ApiAggregation.Domain.csproj", "{32A50A6D-4947-41DF-9139-826BB5A5F544}"
EndProject
Project("{9A19103F-16F7-4668-BE54-9A1E7A4F7556}") = "ApiAggregation.Infrastructure", "ApiAggregation.Infrastructure\ApiAggregation.Infrastructure.csproj", "{F63EF961-830B-4784-9745-9177F0D2AD50}"
EndProject
Project("{2150E333-8FDC-42A3-9474-1A3956D46DE8}") = "Solution Items", "Solution Items", "{4D081CE8-3738-4B89-BA7A-BA4191F8BF28}"
	ProjectSection(SolutionItems) = preProject
		README.md = README.md
	EndProjectSection
EndProject
Project("{FAE04EC0-301F-11D3-BF4B-00C04F79EFBC}") = "ApiAggregation.Infrastructure.Tests", "ApiAggregation.Infrastructure.Tests\ApiAggregation.Infrastructure.Tests.csproj", "{24C3FC8B-469D-4675-B950-24335AA6AC85}"
EndProject
Global
	GlobalSection(SolutionConfigurationPlatforms) = preSolution
		Debug|Any CPU = Debug|Any CPU
		Release|Any CPU = Release|Any CPU
	EndGlobalSection
	GlobalSection(ProjectConfigurationPlatforms) = postSolution
		{B4978C53-F4B9-4FB0-9AF6-AA5DDF65DD6E}.Debug|Any CPU.ActiveCfg = Debug|Any CPU
		{B4978C53-F4B9-4FB0-9AF6-AA5DDF65DD6E}.Debug|Any CPU.Build.0 = Debug|Any CPU
		{B4978C53-F4B9-4FB0-9AF6-AA5DDF65DD6E}.Release|Any CPU.ActiveCfg = Release|Any CPU
		{B4978C53-F4B9-4FB0-9AF6-AA5DDF65DD6E}.Release|Any CPU.Build.0 = Release|Any CPU
		{10310386-F365-4A22-9C1F-26CC9C72821C}.Debug|Any CPU.ActiveCfg = Debug|Any CPU
		{10310386-F365-4A22-9C1F-26CC9C72821C}.Debug|Any CPU.Build.0 = Debug|Any CPU
		{10310386-F365-4A22-9C1F-26CC9C72821C}.Release|Any CPU.ActiveCfg = Release|Any CPU
		{10310386-F365-4A22-9C1F-26CC9C72821C}.Release|Any CPU.Build.0 = Release|Any CPU
		{32A50A6D-4947-41DF-9139-826BB5A5F544}.Debug|Any CPU.ActiveCfg = Debug|Any CPU
		{32A50A6D-4947-41DF-9139-826BB5A5F544}.Debug|Any CPU.Build.0 = Debug|Any CPU
		{32A50A6D-4947-41DF-9139-826BB5A5F544}.Release|Any CPU.ActiveCfg = Release|Any CPU
		{32A50A6D-4947-41DF-9139-826BB5A5F544}.Release|Any CPU.Build.0 = Release|Any CPU
		{F63EF961-830B-4784-9745-9177F0D2AD50}.Debug|Any CPU.ActiveCfg = Debug|Any CPU
		{F63EF961-830B-4784-9745-9177F0D2AD50}.Debug|Any CPU.Build.0 = Debug|Any CPU
		{F63EF961-830B-4784-9745-9177F0D2AD50}.Release|Any CPU.ActiveCfg = Release|Any CPU
		{F63EF961-830B-4784-9745-9177F0D2AD50}.Release|Any CPU.Build.0 = Release|Any CPU
		{24C3FC8B-469D-4675-B950-24335AA6AC85}.Debug|Any CPU.ActiveCfg = Debug|Any CPU
		{24C3FC8B-469D-4675-B950-24335AA6AC85}.Debug|Any CPU.Build.0 = Debug|Any CPU
		{24C3FC8B-469D-4675-B950-24335AA6AC85}.Release|Any CPU.ActiveCfg = Release|Any CPU
		{24C3FC8B-469D-4675-B950-24335AA6AC85}.Release|Any CPU.Build.0 = Release|Any CPU
	EndGlobalSection
	GlobalSection(SolutionProperties) = preSolution
		HideSolutionNode = FALSE
	EndGlobalSection
	GlobalSection(ExtensibilityGlobals) = postSolution
		SolutionGuid = {AF2848EA-70A5-440F-9E2B-CF63D5C12CA5}
	EndGlobalSection
EndGlobal
